// !$*UTF8*$!
{
	archiveVersion = 1;
	classes = {
	};
	objectVersion = 55;
	objects = {

/* Begin PBXBuildFile section */
		4324AE1829F8175D00687B05 /* WeatherManager.swift in Sources */ = {isa = PBXBuildFile; fileRef = 4324AE1729F8175D00687B05 /* WeatherManager.swift */; };
		4324AE1A29F8176F00687B05 /* WeatherData.swift in Sources */ = {isa = PBXBuildFile; fileRef = 4324AE1929F8176F00687B05 /* WeatherData.swift */; };
		4324AE1C29F8178700687B05 /* WeatherModel.swift in Sources */ = {isa = PBXBuildFile; fileRef = 4324AE1B29F8178700687B05 /* WeatherModel.swift */; };
		43B2C60329F173440013C90E /* AppDelegate.swift in Sources */ = {isa = PBXBuildFile; fileRef = 43B2C60229F173440013C90E /* AppDelegate.swift */; };
		43B2C60529F173440013C90E /* SceneDelegate.swift in Sources */ = {isa = PBXBuildFile; fileRef = 43B2C60429F173440013C90E /* SceneDelegate.swift */; };
		43B2C60729F173440013C90E /* ViewController.swift in Sources */ = {isa = PBXBuildFile; fileRef = 43B2C60629F173440013C90E /* ViewController.swift */; };
		43B2C60A29F173440013C90E /* Main.storyboard in Resources */ = {isa = PBXBuildFile; fileRef = 43B2C60829F173440013C90E /* Main.storyboard */; };
		43B2C60C29F173450013C90E /* Assets.xcassets in Resources */ = {isa = PBXBuildFile; fileRef = 43B2C60B29F173450013C90E /* Assets.xcassets */; };
		43B2C60F29F173450013C90E /* LaunchScreen.storyboard in Resources */ = {isa = PBXBuildFile; fileRef = 43B2C60D29F173450013C90E /* LaunchScreen.storyboard */; };
/* End PBXBuildFile section */

/* Begin PBXFileReference section */
		4324AE1729F8175D00687B05 /* WeatherManager.swift */ = {isa = PBXFileReference; lastKnownFileType = sourcecode.swift; path = WeatherManager.swift; sourceTree = "<group>"; };
		4324AE1929F8176F00687B05 /* WeatherData.swift */ = {isa = PBXFileReference; lastKnownFileType = sourcecode.swift; path = WeatherData.swift; sourceTree = "<group>"; };
		4324AE1B29F8178700687B05 /* WeatherModel.swift */ = {isa = PBXFileReference; lastKnownFileType = sourcecode.swift; path = WeatherModel.swift; sourceTree = "<group>"; };
		43B2C5FF29F173440013C90E /* Weather application.app */ = {isa = PBXFileReference; explicitFileType = wrapper.application; includeInIndex = 0; path = "Weather application.app"; sourceTree = BUILT_PRODUCTS_DIR; };
		43B2C60229F173440013C90E /* AppDelegate.swift */ = {isa = PBXFileReference; lastKnownFileType = sourcecode.swift; path = AppDelegate.swift; sourceTree = "<group>"; };
		43B2C60429F173440013C90E /* SceneDelegate.swift */ = {isa = PBXFileReference; lastKnownFileType = sourcecode.swift; path = SceneDelegate.swift; sourceTree = "<group>"; };
		43B2C60629F173440013C90E /* ViewController.swift */ = {isa = PBXFileReference; lastKnownFileType = sourcecode.swift; path = ViewController.swift; sourceTree = "<group>"; };
		43B2C60929F173440013C90E /* Base */ = {isa = PBXFileReference; lastKnownFileType = file.storyboard; name = Base; path = Base.lproj/Main.storyboard; sourceTree = "<group>"; };
		43B2C60B29F173450013C90E /* Assets.xcassets */ = {isa = PBXFileReference; lastKnownFileType = folder.assetcatalog; path = Assets.xcassets; sourceTree = "<group>"; };
		43B2C60E29F173450013C90E /* Base */ = {isa = PBXFileReference; lastKnownFileType = file.storyboard; name = Base; path = Base.lproj/LaunchScreen.storyboard; sourceTree = "<group>"; };
		43B2C61029F173450013C90E /* Info.plist */ = {isa = PBXFileReference; lastKnownFileType = text.plist.xml; path = Info.plist; sourceTree = "<group>"; };
/* End PBXFileReference section */

/* Begin PBXFrameworksBuildPhase section */
		43B2C5FC29F173440013C90E /* Frameworks */ = {
			isa = PBXFrameworksBuildPhase;
			buildActionMask = 2147483647;
			files = (
			);
			runOnlyForDeploymentPostprocessing = 0;
		};
/* End PBXFrameworksBuildPhase section */

/* Begin PBXGroup section */
		4321D75129F18C890055DF66 /* VIew */ = {
			isa = PBXGroup;
			children = (
				43B2C60829F173440013C90E /* Main.storyboard */,
				43B2C60D29F173450013C90E /* LaunchScreen.storyboard */,
			);
			path = VIew;
			sourceTree = "<group>";
		};
		4321D75229F18C9C0055DF66 /* Model */ = {
			isa = PBXGroup;
			children = (
				4324AE1729F8175D00687B05 /* WeatherManager.swift */,
				4324AE1929F8176F00687B05 /* WeatherData.swift */,
				4324AE1B29F8178700687B05 /* WeatherModel.swift */,
			);
			path = Model;
			sourceTree = "<group>";
		};
		4321D75329F18CA50055DF66 /* Resources */ = {
			isa = PBXGroup;
			children = (
				43B2C60B29F173450013C90E /* Assets.xcassets */,
			);
			path = Resources;
			sourceTree = "<group>";
		};
		4321D75429F18CB30055DF66 /* Controller */ = {
			isa = PBXGroup;
			children = (
				43B2C60629F173440013C90E /* ViewController.swift */,
			);
			path = Controller;
			sourceTree = "<group>";
		};
		4321D75529F18CBD0055DF66 /* App */ = {
			isa = PBXGroup;
			children = (
				43B2C60229F173440013C90E /* AppDelegate.swift */,
				43B2C60429F173440013C90E /* SceneDelegate.swift */,
				43B2C61029F173450013C90E /* Info.plist */,
			);
			path = App;
			sourceTree = "<group>";
		};
		43B2C5F629F173440013C90E = {
			isa = PBXGroup;
			children = (
				43B2C60129F173440013C90E /* Weather application */,
				43B2C60029F173440013C90E /* Products */,
			);
			sourceTree = "<group>";
		};
		43B2C60029F173440013C90E /* Products */ = {
			isa = PBXGroup;
			children = (
				43B2C5FF29F173440013C90E /* Weather application.app */,
			);
			name = Products;
			sourceTree = "<group>";
		};
		43B2C60129F173440013C90E /* Weather application */ = {
			isa = PBXGroup;
			children = (
				4321D75529F18CBD0055DF66 /* App */,
				4321D75429F18CB30055DF66 /* Controller */,
				4321D75329F18CA50055DF66 /* Resources */,
				4321D75229F18C9C0055DF66 /* Model */,
				4321D75129F18C890055DF66 /* VIew */,
			);
			path = "Weather application";
			sourceTree = "<group>";
		};
/* End PBXGroup section */

/* Begin PBXNativeTarget section */
		43B2C5FE29F173440013C90E /* Weather application */ = {
			isa = PBXNativeTarget;
			buildConfigurationList = 43B2C61329F173450013C90E /* Build configuration list for PBXNativeTarget "Weather application" */;
			buildPhases = (
				43B2C5FB29F173440013C90E /* Sources */,
				43B2C5FC29F173440013C90E /* Frameworks */,
				43B2C5FD29F173440013C90E /* Resources */,
			);
			buildRules = (
			);
			dependencies = (
			);
			name = "Weather application";
			productName = "Weather application";
			productReference = 43B2C5FF29F173440013C90E /* Weather application.app */;
			productType = "com.apple.product-type.application";
		};
/* End PBXNativeTarget section */

/* Begin PBXProject section */
		43B2C5F729F173440013C90E /* Project object */ = {
			isa = PBXProject;
			attributes = {
				BuildIndependentTargetsInParallel = 1;
				LastSwiftUpdateCheck = 1340;
				LastUpgradeCheck = 1340;
				TargetAttributes = {
					43B2C5FE29F173440013C90E = {
						CreatedOnToolsVersion = 13.4.1;
					};
				};
			};
			buildConfigurationList = 43B2C5FA29F173440013C90E /* Build configuration list for PBXProject "Weather application" */;
			compatibilityVersion = "Xcode 13.0";
			developmentRegion = en;
			hasScannedForEncodings = 0;
			knownRegions = (
				en,
				Base,
			);
			mainGroup = 43B2C5F629F173440013C90E;
			productRefGroup = 43B2C60029F173440013C90E /* Products */;
			projectDirPath = "";
			projectRoot = "";
			targets = (
				43B2C5FE29F173440013C90E /* Weather application */,
			);
		};
/* End PBXProject section */

/* Begin PBXResourcesBuildPhase section */
		43B2C5FD29F173440013C90E /* Resources */ = {
			isa = PBXResourcesBuildPhase;
			buildActionMask = 2147483647;
			files = (
				43B2C60F29F173450013C90E /* LaunchScreen.storyboard in Resources */,
				43B2C60C29F173450013C90E /* Assets.xcassets in Resources */,
				43B2C60A29F173440013C90E /* Main.storyboard in Resources */,
			);
			runOnlyForDeploymentPostprocessing = 0;
		};
/* End PBXResourcesBuildPhase section */

/* Begin PBXSourcesBuildPhase section */
		43B2C5FB29F173440013C90E /* Sources */ = {
			isa = PBXSourcesBuildPhase;
			buildActionMask = 2147483647;
			files = (
				43B2C60729F173440013C90E /* ViewController.swift in Sources */,
				4324AE1A29F8176F00687B05 /* WeatherData.swift in Sources */,
				43B2C60329F173440013C90E /* AppDelegate.swift in Sources */,
				43B2C60529F173440013C90E /* SceneDelegate.swift in Sources */,
				4324AE1C29F8178700687B05 /* WeatherModel.swift in Sources */,
				4324AE1829F8175D00687B05 /* WeatherManager.swift in Sources */,
			);
			runOnlyForDeploymentPostprocessing = 0;
		};
/* End PBXSourcesBuildPhase section */

/* Begin PBXVariantGroup section */
		43B2C60829F173440013C90E /* Main.storyboard */ = {
			isa = PBXVariantGroup;
			children = (
				43B2C60929F173440013C90E /* Base */,
			);
			name = Main.storyboard;
			sourceTree = "<group>";
		};
		43B2C60D29F173450013C90E /* LaunchScreen.storyboard */ = {
			isa = PBXVariantGroup;
			children = (
				43B2C60E29F173450013C90E /* Base */,
			);
			name = LaunchScreen.storyboard;
			sourceTree = "<group>";
		};
/* End PBXVariantGroup section */

/* Begin XCBuildConfiguration section */
		43B2C61129F173450013C90E /* Debug */ = {
			isa = XCBuildConfiguration;
			buildSettings = {
				ALWAYS_SEARCH_USER_PATHS = NO;
				CLANG_ANALYZER_NONNULL = YES;
				CLANG_ANALYZER_NUMBER_OBJECT_CONVERSION = YES_AGGRESSIVE;
				CLANG_CXX_LANGUAGE_STANDARD = "gnu++17";
				CLANG_ENABLE_MODULES = YES;
				CLANG_ENABLE_OBJC_ARC = YES;
				CLANG_ENABLE_OBJC_WEAK = YES;
				CLANG_WARN_BLOCK_CAPTURE_AUTORELEASING = YES;
				CLANG_WARN_BOOL_CONVERSION = YES;
				CLANG_WARN_COMMA = YES;
				CLANG_WARN_CONSTANT_CONVERSION = YES;
				CLANG_WARN_DEPRECATED_OBJC_IMPLEMENTATIONS = YES;
				CLANG_WARN_DIRECT_OBJC_ISA_USAGE = YES_ERROR;
				CLANG_WARN_DOCUMENTATION_COMMENTS = YES;
				CLANG_WARN_EMPTY_BODY = YES;
				CLANG_WARN_ENUM_CONVERSION = YES;
				CLANG_WARN_INFINITE_RECURSION = YES;
				CLANG_WARN_INT_CONVERSION = YES;
				CLANG_WARN_NON_LITERAL_NULL_CONVERSION = YES;
				CLANG_WARN_OBJC_IMPLICIT_RETAIN_SELF = YES;
				CLANG_WARN_OBJC_LITERAL_CONVERSION = YES;
				CLANG_WARN_OBJC_ROOT_CLASS = YES_ERROR;
				CLANG_WARN_QUOTED_INCLUDE_IN_FRAMEWORK_HEADER = YES;
				CLANG_WARN_RANGE_LOOP_ANALYSIS = YES;
				CLANG_WARN_STRICT_PROTOTYPES = YES;
				CLANG_WARN_SUSPICIOUS_MOVE = YES;
				CLANG_WARN_UNGUARDED_AVAILABILITY = YES_AGGRESSIVE;
				CLANG_WARN_UNREACHABLE_CODE = YES;
				CLANG_WARN__DUPLICATE_METHOD_MATCH = YES;
				COPY_PHASE_STRIP = NO;
				DEBUG_INFORMATION_FORMAT = dwarf;
				ENABLE_STRICT_OBJC_MSGSEND = YES;
				ENABLE_TESTABILITY = YES;
				GCC_C_LANGUAGE_STANDARD = gnu11;
				GCC_DYNAMIC_NO_PIC = NO;
				GCC_NO_COMMON_BLOCKS = YES;
				GCC_OPTIMIZATION_LEVEL = 0;
				GCC_PREPROCESSOR_DEFINITIONS = (
					"DEBUG=1",
					"$(inherited)",
				);
				GCC_WARN_64_TO_32_BIT_CONVERSION = YES;
				GCC_WARN_ABOUT_RETURN_TYPE = YES_ERROR;
				GCC_WARN_UNDECLARED_SELECTOR = YES;
				GCC_WARN_UNINITIALIZED_AUTOS = YES_AGGRESSIVE;
				GCC_WARN_UNUSED_FUNCTION = YES;
				GCC_WARN_UNUSED_VARIABLE = YES;
				IPHONEOS_DEPLOYMENT_TARGET = 15.5;
				MTL_ENABLE_DEBUG_INFO = INCLUDE_SOURCE;
				MTL_FAST_MATH = YES;
				ONLY_ACTIVE_ARCH = YES;
				SDKROOT = iphoneos;
				SWIFT_ACTIVE_COMPILATION_CONDITIONS = DEBUG;
				SWIFT_OPTIMIZATION_LEVEL = "-Onone";
			};
			name = Debug;
		};
		43B2C61229F173450013C90E /* Release */ = {
			isa = XCBuildConfiguration;
			buildSettings = {
				ALWAYS_SEARCH_USER_PATHS = NO;
				CLANG_ANALYZER_NONNULL = YES;
				CLANG_ANALYZER_NUMBER_OBJECT_CONVERSION = YES_AGGRESSIVE;
				CLANG_CXX_LANGUAGE_STANDARD = "gnu++17";
				CLANG_ENABLE_MODULES = YES;
				CLANG_ENABLE_OBJC_ARC = YES;
				CLANG_ENABLE_OBJC_WEAK = YES;
				CLANG_WARN_BLOCK_CAPTURE_AUTORELEASING = YES;
				CLANG_WARN_BOOL_CONVERSION = YES;
				CLANG_WARN_COMMA = YES;
				CLANG_WARN_CONSTANT_CONVERSION = YES;
				CLANG_WARN_DEPRECATED_OBJC_IMPLEMENTATIONS = YES;
				CLANG_WARN_DIRECT_OBJC_ISA_USAGE = YES_ERROR;
				CLANG_WARN_DOCUMENTATION_COMMENTS = YES;
				CLANG_WARN_EMPTY_BODY = YES;
				CLANG_WARN_ENUM_CONVERSION = YES;
				CLANG_WARN_INFINITE_RECURSION = YES;
				CLANG_WARN_INT_CONVERSION = YES;
				CLANG_WARN_NON_LITERAL_NULL_CONVERSION = YES;
				CLANG_WARN_OBJC_IMPLICIT_RETAIN_SELF = YES;
				CLANG_WARN_OBJC_LITERAL_CONVERSION = YES;
				CLANG_WARN_OBJC_ROOT_CLASS = YES_ERROR;
				CLANG_WARN_QUOTED_INCLUDE_IN_FRAMEWORK_HEADER = YES;
				CLANG_WARN_RANGE_LOOP_ANALYSIS = YES;
				CLANG_WARN_STRICT_PROTOTYPES = YES;
				CLANG_WARN_SUSPICIOUS_MOVE = YES;
				CLANG_WARN_UNGUARDED_AVAILABILITY = YES_AGGRESSIVE;
				CLANG_WARN_UNREACHABLE_CODE = YES;
				CLANG_WARN__DUPLICATE_METHOD_MATCH = YES;
				COPY_PHASE_STRIP = NO;
				DEBUG_INFORMATION_FORMAT = "dwarf-with-dsym";
				ENABLE_NS_ASSERTIONS = NO;
				ENABLE_STRICT_OBJC_MSGSEND = YES;
				GCC_C_LANGUAGE_STANDARD = gnu11;
				GCC_NO_COMMON_BLOCKS = YES;
				GCC_WARN_64_TO_32_BIT_CONVERSION = YES;
				GCC_WARN_ABOUT_RETURN_TYPE = YES_ERROR;
				GCC_WARN_UNDECLARED_SELECTOR = YES;
				GCC_WARN_UNINITIALIZED_AUTOS = YES_AGGRESSIVE;
				GCC_WARN_UNUSED_FUNCTION = YES;
				GCC_WARN_UNUSED_VARIABLE = YES;
				IPHONEOS_DEPLOYMENT_TARGET = 15.5;
				MTL_ENABLE_DEBUG_INFO = NO;
				MTL_FAST_MATH = YES;
				SDKROOT = iphoneos;
				SWIFT_COMPILATION_MODE = wholemodule;
				SWIFT_OPTIMIZATION_LEVEL = "-O";
				VALIDATE_PRODUCT = YES;
			};
			name = Release;
		};
		43B2C61429F173450013C90E /* Debug */ = {
			isa = XCBuildConfiguration;
			buildSettings = {
				ASSETCATALOG_COMPILER_APPICON_NAME = AppIcon;
				ASSETCATALOG_COMPILER_GLOBAL_ACCENT_COLOR_NAME = AccentColor;
				CODE_SIGN_STYLE = Automatic;
				CURRENT_PROJECT_VERSION = 1;
				DEVELOPMENT_TEAM = W234QN2T8N;
				GENERATE_INFOPLIST_FILE = YES;
				INFOPLIST_FILE = "Weather application/App/Info.plist";
				INFOPLIST_KEY_UIApplicationSupportsIndirectInputEvents = YES;
				INFOPLIST_KEY_UILaunchStoryboardName = LaunchScreen;
				INFOPLIST_KEY_UIMainStoryboardFile = Main;
				INFOPLIST_KEY_UISupportedInterfaceOrientations_iPad = "UIInterfaceOrientationPortrait UIInterfaceOrientationPortraitUpsideDown UIInterfaceOrientationLandscapeLeft UIInterfaceOrientationLandscapeRight";
				INFOPLIST_KEY_UISupportedInterfaceOrientations_iPhone = "UIInterfaceOrientationPortrait UIInterfaceOrientationLandscapeLeft UIInterfaceOrientationLandscapeRight";
				LD_RUNPATH_SEARCH_PATHS = (
					"$(inherited)",
					"@executable_path/Frameworks",
				);
				MARKETING_VERSION = 1.0;
				PRODUCT_BUNDLE_IDENTIFIER = "com.yelzhas.Weather-application";
				PRODUCT_NAME = "$(TARGET_NAME)";
				SWIFT_EMIT_LOC_STRINGS = YES;
				SWIFT_VERSION = 5.0;
				TARGETED_DEVICE_FAMILY = "1,2";
			};
			name = Debug;
		};
		43B2C61529F173450013C90E /* Release */ = {
			isa = XCBuildConfiguration;
			buildSettings = {
				ASSETCATALOG_COMPILER_APPICON_NAME = AppIcon;
				ASSETCATALOG_COMPILER_GLOBAL_ACCENT_COLOR_NAME = AccentColor;
				CODE_SIGN_STYLE = Automatic;
				CURRENT_PROJECT_VERSION = 1;
				DEVELOPMENT_TEAM = W234QN2T8N;
				GENERATE_INFOPLIST_FILE = YES;
				INFOPLIST_FILE = "Weather application/App/Info.plist";
				INFOPLIST_KEY_UIApplicationSupportsIndirectInputEvents = YES;
				INFOPLIST_KEY_UILaunchStoryboardName = LaunchScreen;
				INFOPLIST_KEY_UIMainStoryboardFile = Main;
				INFOPLIST_KEY_UISupportedInterfaceOrientations_iPad = "UIInterfaceOrientationPortrait UIInterfaceOrientationPortraitUpsideDown UIInterfaceOrientationLandscapeLeft UIInterfaceOrientationLandscapeRight";
				INFOPLIST_KEY_UISupportedInterfaceOrientations_iPhone = "UIInterfaceOrientationPortrait UIInterfaceOrientationLandscapeLeft UIInterfaceOrientationLandscapeRight";
				LD_RUNPATH_SEARCH_PATHS = (
					"$(inherited)",
					"@executable_path/Frameworks",
				);
				MARKETING_VERSION = 1.0;
				PRODUCT_BUNDLE_IDENTIFIER = "com.yelzhas.Weather-application";
				PRODUCT_NAME = "$(TARGET_NAME)";
				SWIFT_EMIT_LOC_STRINGS = YES;
				SWIFT_VERSION = 5.0;
				TARGETED_DEVICE_FAMILY = "1,2";
			};
			name = Release;
		};
/* End XCBuildConfiguration section */

/* Begin XCConfigurationList section */
		43B2C5FA29F173440013C90E /* Build configuration list for PBXProject "Weather application" */ = {
			isa = XCConfigurationList;
			buildConfigurations = (
				43B2C61129F173450013C90E /* Debug */,
				43B2C61229F173450013C90E /* Release */,
			);
			defaultConfigurationIsVisible = 0;
			defaultConfigurationName = Release;
		};
		43B2C61329F173450013C90E /* Build configuration list for PBXNativeTarget "Weather application" */ = {
			isa = XCConfigurationList;
			buildConfigurations = (
				43B2C61429F173450013C90E /* Debug */,
				43B2C61529F173450013C90E /* Release */,
			);
			defaultConfigurationIsVisible = 0;
			defaultConfigurationName = Release;
		};
/* End XCConfigurationList section */
	};
	rootObject = 43B2C5F729F173440013C90E /* Project object */;
}
